<?xml version="1.0" encoding="utf-8"?>
<Project ToolsVersion="4.0" xmlns="http://schemas.microsoft.com/developer/msbuild/2003">
  <ItemGroup>
    <Filter Include="Исходные файлы">
      <UniqueIdentifier>{4FC737F1-C7A5-4376-A066-2A32D752A2FF}</UniqueIdentifier>
      <Extensions>cpp;c;cc;cxx;c++;cppm;ixx;def;odl;idl;hpj;bat;asm;asmx</Extensions>
    </Filter>
    <Filter Include="Файлы заголовков">
      <UniqueIdentifier>{93995380-89BD-4b04-88EB-625FBE52EBFB}</UniqueIdentifier>
      <Extensions>h;hh;hpp;hxx;h++;hm;inl;inc;ipp;xsd</Extensions>
    </Filter>
    <Filter Include="Файлы ресурсов">
      <UniqueIdentifier>{67DA6AB6-F800-4c08-8B7A-83BB121AAD01}</UniqueIdentifier>
      <Extensions>rc;ico;cur;bmp;dlg;rc2;rct;bin;rgs;gif;jpg;jpeg;jpe;resx;tiff;tif;png;wav;mfcribbon-ms</Extensions>
    </Filter>
    <Filter Include="lib">
      <UniqueIdentifier>{0da652ee-a83c-4609-8c15-708a6750e721}</UniqueIdentifier>
    </Filter>
    <Filter Include="lib\Duck">
      <UniqueIdentifier>{a9b445e2-d334-459d-9933-7d4a2e056dde}</UniqueIdentifier>
    </Filter>
    <Filter Include="lib\Duck\Fly">
      <UniqueIdentifier>{2c2bb96a-f840-4464-85e1-dbb10e21da79}</UniqueIdentifier>
    </Filter>
    <Filter Include="lib\Duck\Quack">
      <UniqueIdentifier>{186395f7-8e6b-404e-bf04-8d8e7f8aa7cd}</UniqueIdentifier>
    </Filter>
    <Filter Include="lib\Duck\Dance">
      <UniqueIdentifier>{7e7b7db1-03d4-44e0-8de7-44338ab987dd}</UniqueIdentifier>
    </Filter>
  </ItemGroup>
  <ItemGroup>
    <ClCompile Include="SimUDuck.cpp">
      <Filter>Исходные файлы</Filter>
    </ClCompile>
  </ItemGroup>
  <ItemGroup>
    <ClInclude Include="DuckFunctions.h">
      <Filter>lib</Filter>
    </ClInclude>
    <ClInclude Include="MallardDuck.h">
      <Filter>lib\Duck</Filter>
    </ClInclude>
    <ClInclude Include="Duck.h">
      <Filter>lib\Duck</Filter>
    </ClInclude>
    <ClInclude Include="DecoyDuck.h">
      <Filter>lib\Duck</Filter>
    </ClInclude>
    <ClInclude Include="ModelDuck.h">
      <Filter>lib\Duck</Filter>
    </ClInclude>
    <ClInclude Include="RedHeadDuck.h">
      <Filter>lib\Duck</Filter>
    </ClInclude>
    <ClInclude Include="RubberDuck.h">
      <Filter>lib\Duck</Filter>
    </ClInclude>
    <ClInclude Include="FlyNoWay.h">
      <Filter>lib\Duck\Fly</Filter>
    </ClInclude>
    <ClInclude Include="FlyWithWings.h">
      <Filter>lib\Duck\Fly</Filter>
    </ClInclude>
    <ClInclude Include="IFlyBehavior.h">
      <Filter>lib\Duck\Fly</Filter>
    </ClInclude>
    <ClInclude Include="IQuackBehavior.h">
      <Filter>lib\Duck\Quack</Filter>
    </ClInclude>
    <ClInclude Include="MuteQuackBehavior.h">
      <Filter>lib\Duck\Quack</Filter>
    </ClInclude>
    <ClInclude Include="QuackBehavior.h">
      <Filter>lib\Duck\Quack</Filter>
    </ClInclude>
    <ClInclude Include="SqueakBehavior.h">
      <Filter>lib\Duck\Quack</Filter>
    </ClInclude>
    <ClInclude Include="IDanceBehavior.h">
      <Filter>lib\Duck\Dance</Filter>
    </ClInclude>
    <ClInclude Include="WaltzDance.h">
      <Filter>lib\Duck\Dance</Filter>
    </ClInclude>
    <ClInclude Include="NothingDance.h">
      <Filter>lib\Duck\Dance</Filter>
    </ClInclude>
    <ClInclude Include="MinuetDance.h">
      <Filter>lib\Duck\Dance</Filter>
    </ClInclude>
    <ClInclude Include="MockTest_DanceBehavior.h">
      <Filter>lib\Duck\Dance</Filter>
    </ClInclude>
  </ItemGroup>
</Project>